
Microsoft Visual Studio Solution File, Format Version 12.00
# Visual Studio Version 16
VisualStudioVersion = 16.0.31624.102
MinimumVisualStudioVersion = 10.0.40219.1
Project("{888888A0-9F3D-457C-B088-3A5042F75D52}") = "Lab4 OP", "Lab4 OP\Lab4 OP.pyproj", "{695C20E1-DB87-455F-9820-83F1F1F1B710}"
EndProject
Global
	GlobalSection(SolutionConfigurationPlatforms) = preSolution
		Debug|Any CPU = Debug|Any CPU
		Release|Any CPU = Release|Any CPU
	EndGlobalSection
	GlobalSection(ProjectConfigurationPlatforms) = postSolution
		{695C20E1-DB87-455F-9820-83F1F1F1B710}.Debug|Any CPU.ActiveCfg = Debug|Any CPU
		{695C20E1-DB87-455F-9820-83F1F1F1B710}.Release|Any CPU.ActiveCfg = Release|Any CPU
	EndGlobalSection
	GlobalSection(SolutionProperties) = preSolution
		HideSolutionNode = FALSE
	EndGlobalSection
	GlobalSection(ExtensibilityGlobals) = postSolution
		SolutionGuid = {78A3FED3-B0A4-4775-8382-C5EA67E2ED08}
	EndGlobalSection
EndGlobal
