
Microsoft Visual Studio Solution File, Format Version 12.00
# Visual Studio Version 16
VisualStudioVersion = 16.0.31624.102
MinimumVisualStudioVersion = 10.0.40219.1
Project("{888888A0-9F3D-457C-B088-3A5042F75D52}") = "Lab3 Python", "Lab3 Python\Lab3 Python.pyproj", "{52028DFE-6D74-4256-B0B1-79F34B07A0A6}"
EndProject
Global
	GlobalSection(SolutionConfigurationPlatforms) = preSolution
		Debug|Any CPU = Debug|Any CPU
		Release|Any CPU = Release|Any CPU
	EndGlobalSection
	GlobalSection(ProjectConfigurationPlatforms) = postSolution
		{52028DFE-6D74-4256-B0B1-79F34B07A0A6}.Debug|Any CPU.ActiveCfg = Debug|Any CPU
		{52028DFE-6D74-4256-B0B1-79F34B07A0A6}.Release|Any CPU.ActiveCfg = Release|Any CPU
	EndGlobalSection
	GlobalSection(SolutionProperties) = preSolution
		HideSolutionNode = FALSE
	EndGlobalSection
	GlobalSection(ExtensibilityGlobals) = postSolution
		SolutionGuid = {1C503431-CBC3-434C-90C4-9958B7F14D22}
	EndGlobalSection
EndGlobal
